
Microsoft Visual Studio Solution File, Format Version 12.00
# Visual Studio Version 17
VisualStudioVersion = 17.7.34221.43
MinimumVisualStudioVersion = 10.0.40219.1
Project("{9A19103F-16F7-4668-BE54-9A1E7A4F7556}") = "IS4.Server", "IS4.Server.csproj", "{C888DC4D-31D8-4BC8-B6D2-A97FAC14BBE7}"
EndProject
Project("{9A19103F-16F7-4668-BE54-9A1E7A4F7556}") = "IS4.Client", "..\IS4.Client\IS4.Client\IS4.Client.csproj", "{56BDCD90-90E0-4EC7-9A8A-5FAC60F4F10C}"
EndProject
Project("{9A19103F-16F7-4668-BE54-9A1E7A4F7556}") = "IS4.WebApi", "..\IS4.WebApi\IS4.WebApi\IS4.WebApi.csproj", "{3B0140A0-BEB8-461C-A9B5-A32C565323CD}"
EndProject
Global
	GlobalSection(SolutionConfigurationPlatforms) = preSolution
		Debug|Any CPU = Debug|Any CPU
		Release|Any CPU = Release|Any CPU
	EndGlobalSection
	GlobalSection(ProjectConfigurationPlatforms) = postSolution
		{C888DC4D-31D8-4BC8-B6D2-A97FAC14BBE7}.Debug|Any CPU.ActiveCfg = Debug|Any CPU
		{C888DC4D-31D8-4BC8-B6D2-A97FAC14BBE7}.Debug|Any CPU.Build.0 = Debug|Any CPU
		{C888DC4D-31D8-4BC8-B6D2-A97FAC14BBE7}.Release|Any CPU.ActiveCfg = Release|Any CPU
		{C888DC4D-31D8-4BC8-B6D2-A97FAC14BBE7}.Release|Any CPU.Build.0 = Release|Any CPU
		{56BDCD90-90E0-4EC7-9A8A-5FAC60F4F10C}.Debug|Any CPU.ActiveCfg = Debug|Any CPU
		{56BDCD90-90E0-4EC7-9A8A-5FAC60F4F10C}.Debug|Any CPU.Build.0 = Debug|Any CPU
		{56BDCD90-90E0-4EC7-9A8A-5FAC60F4F10C}.Release|Any CPU.ActiveCfg = Release|Any CPU
		{56BDCD90-90E0-4EC7-9A8A-5FAC60F4F10C}.Release|Any CPU.Build.0 = Release|Any CPU
		{3B0140A0-BEB8-461C-A9B5-A32C565323CD}.Debug|Any CPU.ActiveCfg = Debug|Any CPU
		{3B0140A0-BEB8-461C-A9B5-A32C565323CD}.Debug|Any CPU.Build.0 = Debug|Any CPU
		{3B0140A0-BEB8-461C-A9B5-A32C565323CD}.Release|Any CPU.ActiveCfg = Release|Any CPU
		{3B0140A0-BEB8-461C-A9B5-A32C565323CD}.Release|Any CPU.Build.0 = Release|Any CPU
	EndGlobalSection
	GlobalSection(SolutionProperties) = preSolution
		HideSolutionNode = FALSE
	EndGlobalSection
	GlobalSection(ExtensibilityGlobals) = postSolution
		SolutionGuid = {A3026CEA-5875-4A80-A8B1-1455FB164E24}
	EndGlobalSection
EndGlobal
